
Microsoft Visual Studio Solution File, Format Version 12.00
# Visual Studio Version 16
VisualStudioVersion = 16.0.30907.101
MinimumVisualStudioVersion = 10.0.40219.1
Project("{FAE04EC0-301F-11D3-BF4B-00C04F79EFBC}") = "test9", "test9\test9.csproj", "{BF4B2891-1066-47E7-973F-865BE6DE9A58}"
EndProject
Global
	GlobalSection(SolutionConfigurationPlatforms) = preSolution
		Debug|Any CPU = Debug|Any CPU
		Release|Any CPU = Release|Any CPU
	EndGlobalSection
	GlobalSection(ProjectConfigurationPlatforms) = postSolution
		{BF4B2891-1066-47E7-973F-865BE6DE9A58}.Debug|Any CPU.ActiveCfg = Debug|Any CPU
		{BF4B2891-1066-47E7-973F-865BE6DE9A58}.Debug|Any CPU.Build.0 = Debug|Any CPU
		{BF4B2891-1066-47E7-973F-865BE6DE9A58}.Release|Any CPU.ActiveCfg = Release|Any CPU
		{BF4B2891-1066-47E7-973F-865BE6DE9A58}.Release|Any CPU.Build.0 = Release|Any CPU
	EndGlobalSection
	GlobalSection(SolutionProperties) = preSolution
		HideSolutionNode = FALSE
	EndGlobalSection
	GlobalSection(ExtensibilityGlobals) = postSolution
		SolutionGuid = {66E1FA69-0B3B-4C4B-B89B-DAA63A6F1AFB}
	EndGlobalSection
EndGlobal
